{
  "projects": [
    {
      "projectId": "aEHVN5v6mfM4eovDsL8Z7d",
      "version": "0.4.0",
      "dependencies": {},
      "lang": "ts",
      "fileLocks": [
        {
          "assetId": "aEHVN5v6mfM4eovDsL8Z7d",
          "type": "projectCss",
          "checksum": "1c02168c6b23256606111fdfdbb63549"
        }
      ],
      "codegenVersion": "0.0.1"
    },
    {
      "projectId": "YUiM7yqBWAqsh8KSnrdj7",
      "version": "0.35.0",
      "dependencies": {},
      "lang": "ts",
      "fileLocks": [
        {
          "assetId": "YUiM7yqBWAqsh8KSnrdj7",
          "type": "projectCss",
          "checksum": "21b499a9da4edbc2266c72c2ba127787"
        }
      ],
      "codegenVersion": "0.0.1"
    },
    {
      "projectId": "hjKYmYi6HMwK6TRyk7ew5R",
      "version": "6.44.0",
      "dependencies": {},
      "lang": "ts",
      "fileLocks": [
        {
          "assetId": "hjKYmYi6HMwK6TRyk7ew5R",
          "type": "projectCss",
          "checksum": "8261c92e439d6a43426690ea3cba615f"
        },
        {
          "assetId": "hjKYmYi6HMwK6TRyk7ew5R",
          "checksum": "f51098be076d3d4d7098fedb86e59cd2",
          "type": "globalContexts"
        }
      ],
      "codegenVersion": "0.0.1"
    },
    {
      "projectId": "gLnoj82AzKVVT7qXiqAbHD",
      "version": "2.16.0",
      "dependencies": {},
      "lang": "ts",
      "fileLocks": [
        {
          "assetId": "gLnoj82AzKVVT7qXiqAbHD",
          "type": "projectCss",
          "checksum": "1c02168c6b23256606111fdfdbb63549"
        },
        {
          "type": "renderModule",
          "assetId": "lBHNzts6tFyj",
          "checksum": "84623a18268bfe02f309f5136079f50c"
        },
        {
          "type": "cssRules",
          "assetId": "lBHNzts6tFyj",
          "checksum": "84623a18268bfe02f309f5136079f50c"
        },
        {
          "type": "icon",
          "assetId": "zq2s7N0xWucT",
          "checksum": "bd85295cedaeac0de29b4aa0716fc5ad"
        },
        {
          "type": "icon",
          "assetId": "8K40faRNhuCj",
          "checksum": "d2e49d902b3cffb3c7e3d761d5f3f5af"
        }
      ],
      "codegenVersion": "0.0.1"
    },
    {
      "projectId": "enk3K4vZ6pmH6kVCoZJXGn",
      "version": "4.28.0",
      "dependencies": {},
      "lang": "ts",
      "fileLocks": [
        {
          "assetId": "enk3K4vZ6pmH6kVCoZJXGn",
          "type": "projectCss",
          "checksum": "67c68b20701026439269d7beebecfc49"
        }
      ],
      "codegenVersion": "0.0.1"
    },
    {
      "projectId": "58GpZjZCWTaJ8AUhpCwt2K",
      "version": "3.30.0",
      "dependencies": {},
      "lang": "ts",
      "fileLocks": [
        {
          "assetId": "58GpZjZCWTaJ8AUhpCwt2K",
          "type": "projectCss",
          "checksum": "f0469e206244772473ab64f50be898f9"
        }
      ],
      "codegenVersion": "0.0.1"
    },
    {
      "projectId": "84wxoth5npGrp6RRXPL88z",
      "version": "4.32.0",
      "dependencies": {},
      "lang": "ts",
      "fileLocks": [
        {
          "assetId": "84wxoth5npGrp6RRXPL88z",
          "type": "projectCss",
          "checksum": "aedf7b9afd779b089be209519ad30e96"
        },
        {
          "assetId": "84wxoth5npGrp6RRXPL88z",
          "checksum": "a6922f1d9c72c47827138a4ab01b1554",
          "type": "globalContexts"
        }
      ],
      "codegenVersion": "0.0.1"
    },
    {
      "projectId": "caTPwKxj5ZrD9LQ7DMdK4Z",
      "version": "3.42.0",
      "dependencies": {},
      "lang": "ts",
      "fileLocks": [
        {
          "assetId": "caTPwKxj5ZrD9LQ7DMdK4Z",
          "type": "projectCss",
          "checksum": "1c02168c6b23256606111fdfdbb63549"
        }
      ],
      "codegenVersion": "0.0.1"
    },
    {
      "projectId": "7nJ7UcFmq9UzB6eXfC5z4a",
      "version": "0.33.0",
      "dependencies": {},
      "lang": "ts",
      "fileLocks": [
        {
          "assetId": "7nJ7UcFmq9UzB6eXfC5z4a",
          "type": "projectCss",
          "checksum": "01e8cee5b9ce00fbc93f494c2a40dbf1"
        }
      ],
      "codegenVersion": "0.0.1"
    },
    {
      "projectId": "ohDidvG9XsCeFumugENU3J",
      "version": "6.31.0",
      "dependencies": {},
      "lang": "ts",
      "fileLocks": [
        {
          "assetId": "ohDidvG9XsCeFumugENU3J",
          "type": "projectCss",
          "checksum": "ba2a60a163fca4f4d510275088a2be53"
        },
        {
          "assetId": "ohDidvG9XsCeFumugENU3J",
          "checksum": "f9cc098ce5640eefe7d9edb8470a210c",
          "type": "globalContexts"
        }
      ],
      "codegenVersion": "0.0.1"
    },
    {
      "projectId": "gmeH6XgPaBtkt51HunAo4g",
      "version": "18.22.0",
      "dependencies": {},
      "lang": "ts",
      "fileLocks": [
        {
          "assetId": "gmeH6XgPaBtkt51HunAo4g",
          "type": "projectCss",
          "checksum": "1c02168c6b23256606111fdfdbb63549"
        }
      ],
      "codegenVersion": "0.0.1"
    },
    {
      "projectId": "r3ASNrnyvLLLAtDvzUioQ",
      "version": "4.10.0",
      "dependencies": {},
      "lang": "ts",
      "fileLocks": [
        {
          "assetId": "r3ASNrnyvLLLAtDvzUioQ",
          "type": "projectCss",
          "checksum": "1c02168c6b23256606111fdfdbb63549"
        }
      ],
      "codegenVersion": "0.0.1"
    },
    {
      "projectId": "b44pUm4nfW6C6Fzcbpx1wb",
      "version": "latest",
      "dependencies": {
        "r3ASNrnyvLLLAtDvzUioQ": "4.10.0",
        "gmeH6XgPaBtkt51HunAo4g": "18.22.0",
        "ohDidvG9XsCeFumugENU3J": "6.31.0",
        "7nJ7UcFmq9UzB6eXfC5z4a": "0.33.0",
        "caTPwKxj5ZrD9LQ7DMdK4Z": "3.42.0",
        "84wxoth5npGrp6RRXPL88z": "4.32.0",
        "58GpZjZCWTaJ8AUhpCwt2K": "3.30.0",
        "enk3K4vZ6pmH6kVCoZJXGn": "4.28.0",
        "gLnoj82AzKVVT7qXiqAbHD": "2.16.0",
        "hjKYmYi6HMwK6TRyk7ew5R": "6.44.0",
        "YUiM7yqBWAqsh8KSnrdj7": "0.35.0",
        "aEHVN5v6mfM4eovDsL8Z7d": "0.4.0"
      },
      "lang": "ts",
      "fileLocks": [
        {
          "type": "globalVariant",
          "assetId": "wYGucrvFIpH5",
          "checksum": "d7606301ada181bed7c16158cffc5bf0"
        },
        {
          "assetId": "b44pUm4nfW6C6Fzcbpx1wb",
          "type": "projectCss",
          "checksum": "90b331bb650b34d9b28d9deb23111996"
        },
        {
          "assetId": "b44pUm4nfW6C6Fzcbpx1wb",
          "checksum": "3d233259875055f2f3a979da7c731c5a",
          "type": "globalContexts"
        },
        {
          "type": "renderModule",
          "assetId": "3ubpJU3DJ_5g",
          "checksum": "0d153a012821df2356c3947e182894a4"
        },
        {
          "type": "cssRules",
          "assetId": "3ubpJU3DJ_5g",
          "checksum": "0d153a012821df2356c3947e182894a4"
        },
        {
          "type": "renderModule",
          "assetId": "MGep8UwM7_bk",
          "checksum": "c10366df3bcfc486927450bf8efb02aa"
        },
        {
          "type": "cssRules",
          "assetId": "MGep8UwM7_bk",
          "checksum": "c10366df3bcfc486927450bf8efb02aa"
        },
        {
          "type": "renderModule",
          "assetId": "jEzkFwVwVWJc",
          "checksum": "72cf8e94ed11deb307e3cea6d6c81cca"
        },
        {
          "type": "cssRules",
          "assetId": "jEzkFwVwVWJc",
          "checksum": "72cf8e94ed11deb307e3cea6d6c81cca"
        },
        {
          "type": "renderModule",
          "assetId": "zHvsX2YNJ4Sq",
          "checksum": "5bfb836789a5ce60f22be2cdb9bcdddb"
        },
        {
          "type": "cssRules",
          "assetId": "zHvsX2YNJ4Sq",
          "checksum": "5bfb836789a5ce60f22be2cdb9bcdddb"
        },
        {
          "type": "renderModule",
          "assetId": "ZZ_VKzTtSB3X",
          "checksum": "1a6a8966693cf139344f5692b9d3041d"
        },
        {
          "type": "cssRules",
          "assetId": "ZZ_VKzTtSB3X",
          "checksum": "1a6a8966693cf139344f5692b9d3041d"
        },
        {
          "type": "renderModule",
          "assetId": "mw-GwsxOQA-R",
          "checksum": "945ba5c78fb512b02e0ac7a47f13890b"
        },
        {
          "type": "cssRules",
          "assetId": "mw-GwsxOQA-R",
          "checksum": "945ba5c78fb512b02e0ac7a47f13890b"
        },
        {
          "type": "renderModule",
          "assetId": "Ty9ivWtT2Pyp",
          "checksum": "dae30c673149267d6f3993a8d6bff180"
        },
        {
          "type": "cssRules",
          "assetId": "Ty9ivWtT2Pyp",
          "checksum": "dae30c673149267d6f3993a8d6bff180"
        },
        {
          "type": "renderModule",
          "assetId": "8zHKcuG63XSS",
          "checksum": "2d7ad88e0549abf6ac5be192643edc64"
        },
        {
          "type": "cssRules",
          "assetId": "8zHKcuG63XSS",
          "checksum": "2d7ad88e0549abf6ac5be192643edc64"
        },
        {
          "type": "renderModule",
          "assetId": "Q4ZrgsZACbBO",
          "checksum": "ff19f408a4d42e2291e37a9149a97071"
        },
        {
          "type": "cssRules",
          "assetId": "Q4ZrgsZACbBO",
          "checksum": "ff19f408a4d42e2291e37a9149a97071"
        },
        {
          "type": "renderModule",
          "assetId": "KAkzRV3XxkVX",
          "checksum": "8492652cd80cea0e6bd3f9b2aef9300c"
        },
        {
          "type": "cssRules",
          "assetId": "KAkzRV3XxkVX",
          "checksum": "8492652cd80cea0e6bd3f9b2aef9300c"
        },
        {
          "type": "renderModule",
          "assetId": "N4iXasOyRitU",
          "checksum": "e66f77263566346d238ced98024adc90"
        },
        {
          "type": "cssRules",
          "assetId": "N4iXasOyRitU",
          "checksum": "e66f77263566346d238ced98024adc90"
        },
        {
          "type": "renderModule",
          "assetId": "SkOoRQSJN2-t",
          "checksum": "44d06cc75cda0fb25fe983add5588f09"
        },
        {
          "type": "cssRules",
          "assetId": "SkOoRQSJN2-t",
          "checksum": "44d06cc75cda0fb25fe983add5588f09"
        },
        {
          "type": "renderModule",
          "assetId": "pqpyLIUfxIr-",
          "checksum": "31f4eee462d70bc93ea282792b04dc78"
        },
        {
          "type": "cssRules",
          "assetId": "pqpyLIUfxIr-",
          "checksum": "31f4eee462d70bc93ea282792b04dc78"
        },
        {
          "type": "renderModule",
          "assetId": "vg4CkfvsY0cH",
          "checksum": "ee60f9b0f5d54c82f783d1f25c0b6838"
        },
        {
          "type": "cssRules",
          "assetId": "vg4CkfvsY0cH",
          "checksum": "ee60f9b0f5d54c82f783d1f25c0b6838"
        },
        {
          "type": "renderModule",
          "assetId": "isQCEvnZpUR_",
          "checksum": "f99d62826a6eb73dcea1aeb0ca5cab11"
        },
        {
          "type": "cssRules",
          "assetId": "isQCEvnZpUR_",
          "checksum": "f99d62826a6eb73dcea1aeb0ca5cab11"
        },
        {
          "type": "renderModule",
          "assetId": "Wyk1x12kUwWI",
          "checksum": "1f9262aea70cf740bbc278462663023a"
        },
        {
          "type": "cssRules",
          "assetId": "Wyk1x12kUwWI",
          "checksum": "1f9262aea70cf740bbc278462663023a"
        },
        {
          "type": "renderModule",
          "assetId": "WJteRYGTKFcv",
          "checksum": "ce794a1495f52f5a82c77adb3e3c088c"
        },
        {
          "type": "cssRules",
          "assetId": "WJteRYGTKFcv",
          "checksum": "ce794a1495f52f5a82c77adb3e3c088c"
        },
        {
          "type": "renderModule",
          "assetId": "KbVbfLNXuuRJ",
          "checksum": "88b155d911249344967739ff90b14de9"
        },
        {
          "type": "cssRules",
          "assetId": "KbVbfLNXuuRJ",
          "checksum": "88b155d911249344967739ff90b14de9"
        },
        {
          "type": "renderModule",
          "assetId": "lgsomw0eD6RV",
          "checksum": "8da844b5f0c08c04e460436febac2b01"
        },
        {
          "type": "cssRules",
          "assetId": "lgsomw0eD6RV",
          "checksum": "8da844b5f0c08c04e460436febac2b01"
        },
        {
          "type": "icon",
          "assetId": "QfVjCACazAOI",
          "checksum": "238212fd590cfcb1e833038a7bdada21"
        },
        {
          "type": "icon",
          "assetId": "OdT8sUXmQwV9",
          "checksum": "0a223b4c21b0496d58af7229606e94ee"
        },
        {
          "type": "icon",
          "assetId": "QQrKeqYvr0O9",
          "checksum": "1d3b17362c666b378e5dd0b08964625d"
        },
        {
          "type": "icon",
          "assetId": "Np22ccQ3Lsvm",
          "checksum": "ada8110eea561d06ed6a4b0d1f9c67a0"
        },
        {
          "type": "icon",
          "assetId": "MnMQlqp4y4Ox",
          "checksum": "4763c9ba1d2b58fe801bdbe8b021502f"
        },
        {
          "type": "icon",
          "assetId": "VaxIjemyyHiv",
          "checksum": "865945a8f56d763494bd0b0aa4d635cb"
        },
        {
          "type": "icon",
          "assetId": "0WrY58H_Qq8V",
          "checksum": "81e8446d3d7a3bb24790fdebc7aa3417"
        },
        {
          "type": "icon",
          "assetId": "ADvrL7QxPism",
          "checksum": "cf71975a5b3af8fec2afee1747f8647c"
        },
        {
          "type": "icon",
          "assetId": "DPr8x9LZCH0N",
          "checksum": "9c774813798a90d4ca0b4fb83e084090"
        },
        {
          "type": "icon",
          "assetId": "n9Ros_KQXXBk",
          "checksum": "db4e9ad283d6fbf23ad17fc467b34d1b"
        },
        {
          "type": "icon",
          "assetId": "0zgKUceypt1n",
          "checksum": "15811b18459c7a5171965cf886db70f3"
        },
        {
          "type": "icon",
          "assetId": "ILoL45IJmfcw",
          "checksum": "aab73f58f78132140e91165a96f76a93"
        },
        {
          "type": "icon",
          "assetId": "j61ppbj5oOxF",
          "checksum": "db320a5cd91069d74257633cd3ee1256"
        },
        {
          "type": "icon",
          "assetId": "bjpoZj6j_N3c",
          "checksum": "2d487caea67059f3f5b5f4a9ca6c2874"
        },
        {
          "type": "icon",
          "assetId": "XlmaC1ITgcMt",
          "checksum": "e57255731af5314a119600fe1f5b4dc6"
        },
        {
          "type": "icon",
          "assetId": "wrKmyTdjgU9O",
          "checksum": "34ae79b870df9e1cdf5f44fb9306c462"
        },
        {
          "type": "icon",
          "assetId": "f27D7Imn7kM8",
          "checksum": "f217d792815a9d4dadc2cc92237a626a"
        },
        {
          "type": "icon",
          "assetId": "lQnpqPOIZCnk",
          "checksum": "3357a04a289ae7540abfd63bbe6c2974"
        },
        {
          "type": "icon",
          "assetId": "RjTrDF_NU-BF",
          "checksum": "1302c30d839df1f842d029b250fab120"
        },
        {
          "type": "icon",
          "assetId": "bQ7cuNlAON53",
          "checksum": "a1fdf62b30caea1626d3762f7b1e28e2"
        },
        {
          "type": "icon",
          "assetId": "AYNxTrbc4FdN",
          "checksum": "4a360661a70ae3cb5f97e328123e72cf"
        },
        {
          "type": "icon",
          "assetId": "bqXpjGkR2JUG",
          "checksum": "68546379fb626fa691fecab3c65c21ae"
        },
        {
          "type": "icon",
          "assetId": "IymOdepXkmQs",
          "checksum": "1ad07fa9e461f35d49604e146b615588"
        },
        {
          "type": "icon",
          "assetId": "MTFIaRncA8EW",
          "checksum": "5b28575754ad2a446468c71f45179e56"
        },
        {
          "type": "icon",
          "assetId": "_epPBqHNbmRl",
          "checksum": "b2bbd9280fb3e15c535da9a9e3e7808a"
        },
        {
          "type": "icon",
          "assetId": "7o-55c_ZULcM",
          "checksum": "f8e2535cfc810ca59736c76bae23169a"
        },
        {
          "type": "icon",
          "assetId": "I0DC4Eem3t_m",
          "checksum": "2bae8320629f8c6461c5bdcf20841ff9"
        },
        {
          "type": "icon",
          "assetId": "CCZgKMTUQZWu",
          "checksum": "a2a28f7bf1fb94a39f2accd70debbb9e"
        },
        {
          "type": "icon",
          "assetId": "V9OvwbGhu1Ay",
          "checksum": "ef59f89c156a4bad37f500a90cb5a55a"
        },
        {
          "type": "icon",
          "assetId": "TaGMlH_inl34",
          "checksum": "7d61fb03a0017c3f741730be06de2fbe"
        },
        {
          "type": "icon",
          "assetId": "aYSEzriksHMx",
          "checksum": "d6451ba0e6bc8a824e42e3afe4621ae3"
        },
        {
          "type": "icon",
          "assetId": "RndrVYzEHTRy",
          "checksum": "232928504271bb81ee4b1aedcd3c135a"
        },
        {
          "type": "icon",
          "assetId": "HvlWv8VCgKcC",
          "checksum": "cb527e3f0595e84d325b9d3627a78b9c"
        },
        {
          "type": "icon",
          "assetId": "aHc__WJuSSU7",
          "checksum": "6908f4fcde53ec68126ea327aacfb972"
        },
        {
          "type": "icon",
          "assetId": "5W7DP5OpCAvy",
          "checksum": "fba05fdca86f379d3eec1f17a5a1ac12"
        },
        {
          "type": "icon",
          "assetId": "Zqjs0pM0mvAU",
          "checksum": "00e9eceb4e3c3e9e2c6bc80fbe94cf0d"
        },
        {
          "type": "icon",
          "assetId": "6pG5Yuo3E3Se",
          "checksum": "7ba15cb8957698831abdc1045f2da7e5"
        },
        {
          "type": "icon",
          "assetId": "nhxw9VH6HLgH",
          "checksum": "1bdaae0747cf7da59638736630b3d536"
        },
        {
          "type": "icon",
          "assetId": "63gYRi4nHvpu",
          "checksum": "b1efb8acb6a5905a8af5be7b5b1ceeb4"
        },
        {
          "type": "icon",
          "assetId": "PjTD-8pPbyIZ",
          "checksum": "69d15de0c439e3cd7a1820f0c768712e"
        },
        {
          "type": "icon",
          "assetId": "ylploKcJVHgw",
          "checksum": "0ebd4ff39b21f2a28787865fc42ade69"
        },
        {
          "type": "icon",
          "assetId": "UMMhTPe_ysJY",
          "checksum": "8f0c1b6caf4277a4d0f74920def8109c"
        },
        {
          "type": "icon",
          "assetId": "Z9249bMhRaEm",
          "checksum": "123d8d4fcec7f1a228521f3e8b067ca0"
        },
        {
          "type": "icon",
          "assetId": "N661ASTPOBbP",
          "checksum": "c27ba5b19237870b2f0316e70d37c8f0"
        },
        {
          "type": "icon",
          "assetId": "K3EMqprSG4Sx",
          "checksum": "84b12637c8117a0622435b3048af09c8"
        },
        {
          "type": "icon",
          "assetId": "JSoyWAqD2o0A",
          "checksum": "47941f096e354603e73eb765617913f7"
        },
        {
          "type": "icon",
          "assetId": "3taEzhm_7HIU",
          "checksum": "6978bf780b9face1d631b6b462b74e25"
        },
        {
          "type": "icon",
          "assetId": "QV28IsMmBIyd",
          "checksum": "b4f3d373263a271d08cbdb1b4535d8c7"
        },
        {
          "type": "icon",
          "assetId": "chufAfZw529U",
          "checksum": "00b57a701443d424b77b7733c50fdd73"
        },
        {
          "type": "icon",
          "assetId": "rqoaJ_W9955m",
          "checksum": "83454c220f91916e0a7a05e5d744c1b6"
        },
        {
          "type": "icon",
          "assetId": "-4izEOidwgzj",
          "checksum": "fd5aba7e37deb8edd337fc1828b20b38"
        },
        {
          "type": "icon",
          "assetId": "zu-WHFEEqWro",
          "checksum": "4cc3f4a4f9e252036a8ddf47c3a53e3e"
        },
        {
          "type": "icon",
          "assetId": "40TCgMj9QwJK",
          "checksum": "7bed67c4a3c767b98c98839c7fa075f7"
        },
        {
          "type": "icon",
          "assetId": "ktKEQgyd-evD",
          "checksum": "2c21c968c8d178d897fe76f847468e99"
        },
        {
          "type": "icon",
          "assetId": "rB1NhDGKixEf",
          "checksum": "05aad2c89859df5e291511bb602c85f5"
        },
        {
          "type": "image",
          "assetId": "RzujIIk0Ijzn",
          "checksum": "832ec27ca81e6fefbf27d2292efbcf89"
        },
        {
          "type": "image",
          "assetId": "f7uqWsDx8l3m",
          "checksum": "28158e9aa7dc737951b0f111a5468cf5"
        },
        {
          "type": "image",
          "assetId": "wchS3ILjf4Pl",
          "checksum": "481d50281db7bb51ae97513f7cca5f01"
        },
        {
          "type": "image",
          "assetId": "mCD167qbOWRi",
          "checksum": "a7e0e9d9c2bc8db769cb5af191cb8e13"
        },
        {
          "type": "image",
          "assetId": "88UPSkGj-qI9",
          "checksum": "373d0e95509f1106d7fcf548e3ea49fd"
        },
        {
          "type": "image",
          "assetId": "nQUOX4i5WVqL",
          "checksum": "c9d3f2ccb3b00b19db1dd9cd300238cf"
        },
        {
          "type": "image",
          "assetId": "xnREk_EANOBS",
          "checksum": "4d5a008ac758e0dd216fd7298d152b91"
        },
        {
          "type": "image",
          "assetId": "BTJBYeJDpYd2",
          "checksum": "178be1d7c3ba68ac724dc02c5cacfd82"
        },
        {
          "type": "image",
          "assetId": "SUd2cxTJcK6N",
          "checksum": "338e4c861c937af96b26fa36d65665bf"
        },
        {
          "type": "image",
          "assetId": "6nXNxyCvcPLk",
          "checksum": "46bca6b63d4cbb93e3b619587911a960"
        },
        {
          "type": "image",
          "assetId": "hlnCvGvM4DjL",
          "checksum": "803952507e184d5727c61d3da43fa9be"
        },
        {
          "type": "image",
          "assetId": "fxE4VqT6l2Q5",
          "checksum": "12df13db8b16e59013027f7699e0a2a2"
        },
        {
          "type": "image",
          "assetId": "7ih7JusrQ1HU",
          "checksum": "b35d689170a6b2af00c531048922deab"
        },
        {
          "type": "image",
          "assetId": "jIUvIErf9ARw",
          "checksum": "bd3d0dd55baddc40677b4b0fe38d5959"
        },
        {
          "type": "image",
          "assetId": "4YMk56UIA7f6",
          "checksum": "9819128f969ff0656507bc2fee75b47c"
        },
        {
          "type": "image",
          "assetId": "nRmxmDCmC5aH",
          "checksum": "ad0ec966c12cd0e4347e6adf05be72d0"
        },
        {
          "type": "image",
          "assetId": "c17LuLn2tR70",
          "checksum": "d9d5b85bb2b6393cf214516f090b0c11"
        },
        {
          "type": "image",
          "assetId": "SY6myyHVEiOK",
          "checksum": "241cc34befefff4587ec71c4e7e5f469"
        },
        {
          "type": "image",
          "assetId": "VM-BECyhyRtT",
          "checksum": "fc2cd61af4df6ae464988da83e7a4fc5"
        },
        {
          "type": "image",
          "assetId": "fdiF58o6yrkg",
          "checksum": "f7d8f6fd1707112fa5a7f1b39083b6b7"
        },
        {
          "type": "image",
          "assetId": "Yc49dZhN9Azx",
          "checksum": "0f2a8bdfeeeefe204b36dd339f23f136"
        },
        {
          "type": "image",
          "assetId": "Jyc72nlVdmah",
          "checksum": "bafc8b02fdb8e1fb84adfa2ee2fdaade"
        },
        {
          "type": "image",
          "assetId": "g_foRmXt_8YA",
          "checksum": "2707c4d0b95c1b1fbeca63ab6ba945f1"
        },
        {
          "type": "image",
          "assetId": "R0885UkvfcPX",
          "checksum": "01f09945abbd5c2bbe88d9d5e8160191"
        },
        {
          "type": "image",
          "assetId": "J8VEC3IQjgUy",
          "checksum": "06e2f3da971a442af693aaf4c5a24103"
        },
        {
          "type": "image",
          "assetId": "QPn1rhtMwpas",
          "checksum": "ce66f4fead8448de471631f1452b1e44"
        },
        {
          "type": "image",
          "assetId": "Shd46jo-NptA",
          "checksum": "c4060c36a7da7a5cc2a6194679a84e71"
        },
        {
          "type": "image",
          "assetId": "YHv-PC8snzxT",
          "checksum": "39d871a47defbcbd0ed21b2bbe4658c7"
        },
        {
          "type": "image",
          "assetId": "-lDVGqHQ7DNq",
          "checksum": "f417ebdebfada38585b6d32221c2eadd"
        },
        {
          "type": "image",
          "assetId": "kDzxDucD695-",
          "checksum": "ae1fbb8163a641e9fe5d042a58742edd"
        },
        {
          "type": "image",
          "assetId": "mB59evvJ0QFZ",
          "checksum": "96e9af0a1e114d1cc317d1bac589fc45"
        },
        {
          "type": "image",
          "assetId": "PMalHUBozFs_",
          "checksum": "000921ccc3b6c2b363a718278862515c"
        },
        {
          "type": "image",
          "assetId": "F8CmZ0vyeJgu",
          "checksum": "aa834adbcaa5f11a635466f5713f60e4"
        },
        {
          "type": "image",
          "assetId": "raQqizemGBCB",
          "checksum": "d3461f5eeb2ef9ba65a9cc9cb3f14c96"
        },
        {
          "type": "image",
          "assetId": "C3FGuFi3_sI_",
          "checksum": "46c7f9b851ef1c8baee56db9d345ac9f"
        },
        {
          "type": "image",
          "assetId": "E0uYgkNR3mWr",
          "checksum": "371dd678289afa2f887bcd120176d367"
        },
        {
          "type": "image",
          "assetId": "sjh8OcJVck0t",
          "checksum": "b0ca41ee5c7052a088c97e1e7e74c9bd"
        },
        {
          "type": "image",
          "assetId": "6U5xzxK4nhhN",
          "checksum": "ec4d81bebac51d7f98e3b27eccbece45"
        },
        {
          "type": "image",
          "assetId": "kpEMFHGIonZ5",
          "checksum": "952fb6c0475a77b864f5a1698c0de702"
        },
        {
          "type": "image",
          "assetId": "yopC35C3oV2s",
          "checksum": "772c8efc686bc7923115e6a326bd2b34"
        },
        {
          "type": "image",
          "assetId": "0BxV0MenWh8D",
          "checksum": "b28a0ef875fe888dea28acd12b881d1e"
        },
        {
          "type": "image",
          "assetId": "JyubPzDlyZb5",
          "checksum": "d50087ef8e71b7882e052a36c84abd14"
        },
        {
          "type": "image",
          "assetId": "DGBm4PfAJaSd",
          "checksum": "c2aaa103ad4bfdbd875401658238d0bf"
        },
        {
          "type": "image",
          "assetId": "8h_NtcjQlxxN",
          "checksum": "ae796b68fbafb179a473e8e1ae4bf346"
        },
        {
          "type": "image",
          "assetId": "X6UqF1Z5Zb88",
          "checksum": "0c6a22f01b483de4283ecad3ce4b2649"
        },
        {
          "type": "image",
          "assetId": "3eGp7kZnxS_Q",
          "checksum": "4e3a145818ee50b84b846b01429e9a41"
        },
        {
          "type": "image",
          "assetId": "2VUWjQ06anKS",
          "checksum": "2f436f92c2782418e27c54cbb9f71dd1"
        },
        {
          "type": "image",
          "assetId": "kqJS1_evjwVS",
          "checksum": "31ce9ef8cafa689e2013c2d92e5115a4"
        },
        {
          "type": "image",
          "assetId": "OKAsnPG7WqC8",
          "checksum": "3ea10a5500c4fe634c1536eca48b727c"
        },
        {
          "type": "image",
          "assetId": "UoaGMlg0af7l",
          "checksum": "7f8d33ffb1d2065b0d6f9f1933791e70"
        },
        {
          "type": "image",
          "assetId": "hgSd6HYk4RsJ",
          "checksum": "de22dcba66026ebe8f0303321f35b499"
        },
        {
          "type": "image",
          "assetId": "IEFBNoNFC9Ra",
          "checksum": "cb55c4e477c4be01ea7c62d44a513873"
        },
        {
          "type": "image",
          "assetId": "_VW4FX8M_j5O",
          "checksum": "8ab366cd0733c6c265ea5cf92d52215e"
        },
        {
          "type": "image",
          "assetId": "ABMFEKobe8tU",
          "checksum": "2fdfa58d018da9aae833df5455a5b9dc"
        },
        {
          "type": "image",
          "assetId": "EYVJinm2-J0e",
          "checksum": "0611a79e11235dcbaac5f4f2b9bfb879"
        },
        {
          "type": "image",
          "assetId": "s8vcxd6Zwwil",
          "checksum": "c37d8300441b0efa1df566aa560fd052"
        },
        {
          "type": "image",
          "assetId": "pROqtUZf--KG",
          "checksum": "979d4b797bc03c9b2b9377c39572faac"
        },
        {
          "type": "image",
          "assetId": "Mud_cfYhuftg",
          "checksum": "853ce6f7a870da8e5a0fbed2c66cf86c"
        },
        {
          "type": "image",
          "assetId": "dVDSo-lNaPfE",
          "checksum": "996c35627f376d244a42a6cb68974b0e"
        },
        {
          "type": "image",
          "assetId": "JJSV0_jlPGj_",
          "checksum": "8a70890be091e7fc80757bd9b5df44d0"
        },
        {
          "type": "image",
          "assetId": "zFRT8IXhSaud",
          "checksum": "b780b7b7a9a7b5a0a52dc6d68c1b25d4"
        },
        {
          "type": "image",
          "assetId": "C8IvoAWtOxke",
          "checksum": "fc8b67af00180c0529d6b85642527818"
        },
        {
          "type": "image",
          "assetId": "h3MgNqS5CmPo",
          "checksum": "8ac48bfd8db92b9bb4398b1521c4dd0e"
        },
        {
          "type": "image",
          "assetId": "jfWrGz6iScIK",
          "checksum": "9b3f04a20f2b5bf4ac80087e463f94c3"
        },
        {
          "type": "image",
          "assetId": "y_RcVtsRkMDq",
          "checksum": "d3be77f169aa2a1cfc38305908d87be4"
        },
        {
          "type": "image",
          "assetId": "S7k0rs7D5KSm",
          "checksum": "3549195b06ece7e7431afefa1542304d"
        },
        {
          "type": "image",
          "assetId": "OrpEttr9c8ps",
          "checksum": "84f5a4f7c8da144005401e9fe1653e4c"
        },
        {
          "type": "image",
          "assetId": "ZJIHiWiqE3hC",
          "checksum": "1daef29eba0b1125b619ba377c66460e"
        },
        {
          "type": "image",
          "assetId": "t4UR3WbEjBa1",
          "checksum": "13b28ff1ee8fb80bc38b707fa353246d"
        },
        {
          "type": "image",
          "assetId": "_4mJu1zQQZha",
          "checksum": "c912f8640338fb97d11ed3b4856999b3"
        },
        {
          "type": "image",
          "assetId": "y6BEIv2Az6de",
          "checksum": "5dc5d4d1e095d28779cefa19fe1bd811"
        },
        {
          "type": "image",
          "assetId": "BrD1IfKbT5pM",
          "checksum": "351315bdee376153afb430f033cbf655"
        },
        {
          "type": "image",
          "assetId": "Nhj6LUzo3aBQ",
          "checksum": "cee58e5afe986d9eaed9a6b6ce312ea2"
        },
        {
          "type": "image",
          "assetId": "CQv6Qi0idHPJ",
          "checksum": "c3b36eb2b1e7f1edce22d5e999ce7b69"
        },
        {
          "type": "image",
          "assetId": "Oxn3Z-ruHPsz",
          "checksum": "af82a504eb539a92e9847288407ef36b"
        },
        {
          "type": "image",
          "assetId": "au3IErkwDu71",
          "checksum": "a45ee78879818b9f544e7e9609e03ebe"
        },
        {
          "type": "image",
          "assetId": "hB2e8E1ugL2f",
          "checksum": "74d630cb8dcb1c790d5c8d631608bb51"
        },
        {
          "type": "image",
          "assetId": "R2Cj8rJAPODO",
          "checksum": "711c255d3cb596ee53ee89f87f1b2c6f"
        },
        {
          "type": "image",
          "assetId": "tB1ardgi5zzl",
          "checksum": "9d7aa82d2bd7663505eed3620df979ea"
        },
        {
          "type": "image",
          "assetId": "9Ny6WNHQd6R5",
          "checksum": "3072094264c6bd8581908825a58fe6ab"
        },
        {
          "type": "image",
          "assetId": "YdQbKyUTydqc",
          "checksum": "33784352e2b05d222b48431bd3d0039c"
        },
        {
          "type": "image",
          "assetId": "UxXIVs2emB9J",
          "checksum": "292db3bf6fd02a63b53b0bfaebf6078c"
        },
        {
          "type": "image",
          "assetId": "U-HX7xpDj5Pr",
          "checksum": "6abfefa45abfb0c9ade18782d5fc1574"
        },
        {
          "type": "image",
          "assetId": "D0rY1IkK7xJX",
          "checksum": "47752b515eab4257143e972a129ab9a0"
        },
        {
          "type": "image",
          "assetId": "tfYht_2e1RbO",
          "checksum": "14daaab39c8f06222bb7e863fea62c23"
        },
        {
          "type": "image",
          "assetId": "Lorbgoap75nh",
          "checksum": "e2ad9e78871df9c9c378feccfa9d27ac"
        },
        {
          "type": "image",
          "assetId": "V7JBe8aMec6_",
          "checksum": "755120f9dec89449338369b3c3f5933d"
        },
        {
          "type": "image",
          "assetId": "CCWc2eTTcITa",
          "checksum": "f4d8d61ecd843352c36a333ebc9fc2a9"
        },
        {
          "type": "image",
          "assetId": "Y1c_SWftmJCF",
          "checksum": "cd45bfa3bcf166d9a9936a4febf430e7"
        },
        {
          "type": "image",
          "assetId": "Aix_7y04owGW",
          "checksum": "a4378247613693d066e245a6f2f997bd"
        },
        {
          "type": "image",
          "assetId": "qSGchtBX3-3N",
          "checksum": "a507365d85eb94600f476090ec752225"
        },
        {
          "type": "image",
          "assetId": "ABO9-ML9anrE",
          "checksum": "1603f5f82148291318493d02115d86dd"
        },
        {
          "type": "image",
          "assetId": "MWfAA9UQvXiK",
          "checksum": "fc6e664aac994568363de1fa0e2ca47c"
        },
        {
          "type": "image",
          "assetId": "55b3wCmS6x4D",
          "checksum": "e1c577435cab16f8794f0a8a073c7918"
        },
        {
          "type": "image",
          "assetId": "Fu_CYdljaCre",
          "checksum": "e09ad20e1cf9d3d2a444b7e5125c1a06"
        },
        {
          "type": "image",
          "assetId": "Qo1X_62YIdkv",
          "checksum": "4a58f00f19fe26b9c233d0ab83b76fdb"
        },
        {
          "type": "image",
          "assetId": "Jl9sdTiPJm0t",
          "checksum": "5f68b2e6a925909525f528203abf6ceb"
        },
        {
          "type": "image",
          "assetId": "qP0wWnipfBE0",
          "checksum": "eff61e1d9f2ca6740cd5b7a12efc1e46"
        },
        {
          "type": "image",
          "assetId": "qcOIE4V9xAHF",
          "checksum": "f2551a1999f9d61ff3de4ce0a1d10c4f"
        },
        {
          "type": "image",
          "assetId": "Nm3Pz29rx0yq",
          "checksum": "42b2aa8204a2683bdd5939f274f167bf"
        },
        {
          "type": "image",
          "assetId": "1SMoKGXnNCs7",
          "checksum": "23fe60e5c146c925c2ddb98f2fd0c356"
        },
        {
          "type": "image",
          "assetId": "T1BM3tbWLiIW",
          "checksum": "7e967da57a4820cfa3804d71e7c5e563"
        },
        {
          "type": "image",
          "assetId": "W359f4zoms6x",
          "checksum": "94f6fc8f85e6b30185c2b947174d8930"
        },
        {
          "type": "image",
          "assetId": "s2m2EHGg0nzc",
          "checksum": "6b3fcd42e1b74257c7c4ed0f511422c5"
        },
        {
          "type": "image",
          "assetId": "lwX0SubVmqRu",
          "checksum": "5f411db4f3aac0f44b8f4686da8cec0d"
        },
        {
          "type": "image",
          "assetId": "zeVsZ5gTgYZ_",
          "checksum": "694aa19ebcb1b8ec098e42f700d0573b"
        },
        {
          "type": "image",
          "assetId": "S6s-sEU5cudC",
          "checksum": "0111689d0f365887e4c25c8ea73131cb"
        },
        {
          "type": "image",
          "assetId": "_yElAn2AQerL",
          "checksum": "9e379619cb981dd85868e73d2e27dad2"
        },
        {
          "type": "image",
          "assetId": "5mq7Eqf-srI-",
          "checksum": "cc54347246c5036ba815f51a3f339786"
        },
        {
          "type": "image",
          "assetId": "NLHLRycl1qq9",
          "checksum": "a5d144259e67e07b2ac189d3e96c4fe3"
        },
        {
          "type": "image",
          "assetId": "JdGwhbhmptT6",
          "checksum": "fa967a05fe78fe631368c2844d8f1c09"
        },
        {
          "type": "image",
          "assetId": "wv1ru1wTBG2i",
          "checksum": "781d076bcc85ae8d391c6d0b0eef58fb"
        }
      ],
      "codegenVersion": "0.0.1"
    }
  ],
  "cliVersion": "0.1.340"
}
